{
  "name": "wedontneedbanks",
  "version": "1.0.0",
  "lockfileVersion": 1,
  "requires": true,
  "dependencies": {
    "aes-js": {
      "version": "3.1.0",
      "resolved": "https://registry.npmjs.org/aes-js/-/aes-js-3.1.0.tgz",
      "integrity": "sha1-9fdYhJRSaZfMY1zDNMi7jpZ6XYI="
    },
    "ajv": {
      "version": "https://registry.npmjs.org/ajv/-/ajv-4.11.8.tgz",
      "integrity": "sha1-gv+wKynmYq5TvcIK8VlHcGc5xTY=",
      "requires": {
        "co": "https://registry.npmjs.org/co/-/co-4.6.0.tgz",
        "json-stable-stringify": "https://registry.npmjs.org/json-stable-stringify/-/json-stable-stringify-1.0.1.tgz"
      }
    },
    "asn1": {
      "version": "https://registry.npmjs.org/asn1/-/asn1-0.2.3.tgz",
      "integrity": "sha1-2sh4dxPJlmhJ/IGAd36+nB3fO4Y="
    },
    "assert-plus": {
      "version": "https://registry.npmjs.org/assert-plus/-/assert-plus-0.2.0.tgz",
      "integrity": "sha1-104bh+ev/A24qttwIfP+SBAasjQ="
    },
    "asynckit": {
      "version": "https://registry.npmjs.org/asynckit/-/asynckit-0.4.0.tgz",
      "integrity": "sha1-x57Zf380y48robyXkLzDZkdLS3k="
    },
    "aws-sign2": {
      "version": "https://registry.npmjs.org/aws-sign2/-/aws-sign2-0.6.0.tgz",
      "integrity": "sha1-FDQt0428yU0OW4fXY81jYSwOeU8="
    },
    "aws4": {
      "version": "https://registry.npmjs.org/aws4/-/aws4-1.6.0.tgz",
      "integrity": "sha1-g+9cqGCysy5KDe7e6MdxudtXRx4="
    },
    "base-x": {
      "version": "3.0.2",
      "resolved": "https://registry.npmjs.org/base-x/-/base-x-3.0.2.tgz",
      "integrity": "sha1-v4c4YbdRQnm3lp80CSnquHwR0TA=",
      "requires": {
        "safe-buffer": "https://registry.npmjs.org/safe-buffer/-/safe-buffer-5.1.1.tgz"
      }
    },
    "bcrypt-pbkdf": {
      "version": "https://registry.npmjs.org/bcrypt-pbkdf/-/bcrypt-pbkdf-1.0.1.tgz",
      "integrity": "sha1-Y7xdy2EzG5K8Bf1SiVPDNGKgb40=",
      "optional": true,
      "requires": {
        "tweetnacl": "https://registry.npmjs.org/tweetnacl/-/tweetnacl-0.14.5.tgz"
      }
    },
    "bech32": {
      "version": "0.0.3",
      "resolved": "https://registry.npmjs.org/bech32/-/bech32-0.0.3.tgz",
      "integrity": "sha512-O+K1w8P/aAOLcYwwQ4sbiPYZ51ZIW95lnS4/6nE8Aib/z+OOddQIIPdu2qi94qGDp4HhYy/wJotttXKkak1lXg=="
    },
    "bigi": {
      "version": "1.4.2",
      "resolved": "https://registry.npmjs.org/bigi/-/bigi-1.4.2.tgz",
      "integrity": "sha1-nGZalfiLiwj8Bc/XMfVhhZ1yWCU="
    },
    "bip39": {
      "version": "2.4.0",
      "resolved": "https://registry.npmjs.org/bip39/-/bip39-2.4.0.tgz",
      "integrity": "sha512-1++HywqIyPtWDo7gm4v0ylYbwkLvHkuwVSKbBlZBbTCP/mnkyrlARBny906VLAwxJbC5xw9EvuJasHFIZaIFMQ==",
      "requires": {
        "create-hash": "https://registry.npmjs.org/create-hash/-/create-hash-1.1.3.tgz",
        "pbkdf2": "3.0.14",
        "randombytes": "https://registry.npmjs.org/randombytes/-/randombytes-2.0.5.tgz",
        "safe-buffer": "https://registry.npmjs.org/safe-buffer/-/safe-buffer-5.1.1.tgz",
        "unorm": "1.4.1"
      }
    },
    "bip66": {
      "version": "1.1.5",
      "resolved": "https://registry.npmjs.org/bip66/-/bip66-1.1.5.tgz",
      "integrity": "sha1-AfqHSHhcpwlV1QESF9GzE5lpyiI=",
      "requires": {
        "safe-buffer": "https://registry.npmjs.org/safe-buffer/-/safe-buffer-5.1.1.tgz"
      }
    },
    "bitcoin-ops": {
      "version": "1.3.0",
      "resolved": "https://registry.npmjs.org/bitcoin-ops/-/bitcoin-ops-1.3.0.tgz",
      "integrity": "sha1-axJrWFU3vGebAu1JnxRFDP/DfhM="
    },
    "bitcoinjs-lib": {
      "version": "3.3.0",
      "resolved": "https://registry.npmjs.org/bitcoinjs-lib/-/bitcoinjs-lib-3.3.0.tgz",
      "integrity": "sha512-y53YG3xPD7nEaI9tRRZMKg6VQvIzntVs7tet0XETTk4uv1ckfZeuxtSZ1jNTRIMZc6iFypUNrpTcpPdOXBKJtA==",
      "requires": {
        "bech32": "0.0.3",
        "bigi": "1.4.2",
        "bip66": "1.1.5",
        "bitcoin-ops": "1.3.0",
        "bs58check": "2.1.0",
        "create-hash": "https://registry.npmjs.org/create-hash/-/create-hash-1.1.3.tgz",
        "create-hmac": "https://registry.npmjs.org/create-hmac/-/create-hmac-1.1.6.tgz",
        "ecurve": "1.0.5",
        "merkle-lib": "2.0.10",
        "pushdata-bitcoin": "1.0.1",
        "randombytes": "https://registry.npmjs.org/randombytes/-/randombytes-2.0.5.tgz",
        "safe-buffer": "https://registry.npmjs.org/safe-buffer/-/safe-buffer-5.1.1.tgz",
        "typeforce": "1.12.0",
        "varuint-bitcoin": "1.0.4",
        "wif": "2.0.6"
      }
    },
    "boom": {
      "version": "https://registry.npmjs.org/boom/-/boom-2.10.1.tgz",
      "integrity": "sha1-OciRjO/1eZ+D+UkqhI9iWt0Mdm8=",
      "requires": {
        "hoek": "https://registry.npmjs.org/hoek/-/hoek-2.16.3.tgz"
      }
    },
    "bs58": {
      "version": "4.0.1",
      "resolved": "https://registry.npmjs.org/bs58/-/bs58-4.0.1.tgz",
      "integrity": "sha1-vhYedsNU9veIrkBx9j806MTwpCo=",
      "requires": {
        "base-x": "3.0.2"
      }
    },
    "bs58check": {
      "version": "2.1.0",
      "resolved": "https://registry.npmjs.org/bs58check/-/bs58check-2.1.0.tgz",
      "integrity": "sha512-FWT30tP+89OiXjWLHlAElxdPrbYo05T8XSmgKhh2GHq1JCBFUG0fujt5n7dadkEL3l4DFdfEi5KG5RcXW7UDEA==",
      "requires": {
        "bs58": "4.0.1",
        "create-hash": "https://registry.npmjs.org/create-hash/-/create-hash-1.1.3.tgz"
      }
    },
    "caseless": {
      "version": "https://registry.npmjs.org/caseless/-/caseless-0.12.0.tgz",
      "integrity": "sha1-G2gcIf+EAzyCZUMJBolCDRhxUdw="
    },
    "cipher-base": {
      "version": "https://registry.npmjs.org/cipher-base/-/cipher-base-1.0.4.tgz",
      "integrity": "sha1-h2Dk7MJy9MNjUy+SbYdKriwTl94=",
      "requires": {
        "inherits": "https://registry.npmjs.org/inherits/-/inherits-2.0.3.tgz",
        "safe-buffer": "https://registry.npmjs.org/safe-buffer/-/safe-buffer-5.1.1.tgz"
      }
    },
    "co": {
      "version": "https://registry.npmjs.org/co/-/co-4.6.0.tgz",
      "integrity": "sha1-bqa989hTrlTMuOR7+gvz+QMfsYQ="
    },
    "combined-stream": {
      "version": "https://registry.npmjs.org/combined-stream/-/combined-stream-1.0.5.tgz",
      "integrity": "sha1-k4NwpXtKUd6ix3wV1cX9+JUWQAk=",
      "requires": {
        "delayed-stream": "https://registry.npmjs.org/delayed-stream/-/delayed-stream-1.0.0.tgz"
      }
    },
    "create-hash": {
      "version": "https://registry.npmjs.org/create-hash/-/create-hash-1.1.3.tgz",
      "integrity": "sha1-YGBCrIuSYnUPSDyt2rD1gZFy2P0=",
      "requires": {
        "cipher-base": "https://registry.npmjs.org/cipher-base/-/cipher-base-1.0.4.tgz",
        "inherits": "https://registry.npmjs.org/inherits/-/inherits-2.0.3.tgz",
        "ripemd160": "https://registry.npmjs.org/ripemd160/-/ripemd160-2.0.1.tgz",
        "sha.js": "https://registry.npmjs.org/sha.js/-/sha.js-2.4.8.tgz"
      }
    },
    "create-hmac": {
      "version": "https://registry.npmjs.org/create-hmac/-/create-hmac-1.1.6.tgz",
      "integrity": "sha1-rLniIaThe9sHbpBlfEK5PjcmzwY=",
      "requires": {
        "cipher-base": "https://registry.npmjs.org/cipher-base/-/cipher-base-1.0.4.tgz",
        "create-hash": "https://registry.npmjs.org/create-hash/-/create-hash-1.1.3.tgz",
        "inherits": "https://registry.npmjs.org/inherits/-/inherits-2.0.3.tgz",
        "ripemd160": "https://registry.npmjs.org/ripemd160/-/ripemd160-2.0.1.tgz",
        "safe-buffer": "https://registry.npmjs.org/safe-buffer/-/safe-buffer-5.1.1.tgz",
        "sha.js": "https://registry.npmjs.org/sha.js/-/sha.js-2.4.8.tgz"
      }
    },
    "cryptiles": {
      "version": "https://registry.npmjs.org/cryptiles/-/cryptiles-2.0.5.tgz",
      "integrity": "sha1-O9/s3GCBR8HGcgL6KR59ylnqo7g=",
      "requires": {
        "boom": "https://registry.npmjs.org/boom/-/boom-2.10.1.tgz"
      }
    },
    "crypto": {
      "version": "1.0.1",
      "resolved": "https://registry.npmjs.org/crypto/-/crypto-1.0.1.tgz",
      "integrity": "sha512-VxBKmeNcqQdiUQUW2Tzq0t377b54N2bMtXO/qiLa+6eRRmmC4qT3D4OnTGoT/U6O9aklQ/jTwbOtRMTTY8G0Ig=="
    },
    "dashdash": {
      "version": "https://registry.npmjs.org/dashdash/-/dashdash-1.14.1.tgz",
      "integrity": "sha1-hTz6D3y+L+1d4gMmuN1YEDX24vA=",
      "requires": {
        "assert-plus": "https://registry.npmjs.org/assert-plus/-/assert-plus-1.0.0.tgz"
      },
      "dependencies": {
        "assert-plus": {
          "version": "https://registry.npmjs.org/assert-plus/-/assert-plus-1.0.0.tgz",
          "integrity": "sha1-8S4PPF13sLHN2RRpQuTpbB5N1SU="
        }
      }
    },
    "delayed-stream": {
      "version": "https://registry.npmjs.org/delayed-stream/-/delayed-stream-1.0.0.tgz",
      "integrity": "sha1-3zrhmayt+31ECqrgsp4icrJOxhk="
    },
    "ecc-jsbn": {
      "version": "https://registry.npmjs.org/ecc-jsbn/-/ecc-jsbn-0.1.1.tgz",
      "integrity": "sha1-D8c6ntXw1Tw4GTOYUj735UN3dQU=",
      "optional": true,
      "requires": {
        "jsbn": "https://registry.npmjs.org/jsbn/-/jsbn-0.1.1.tgz"
      }
    },
    "ecurve": {
      "version": "1.0.5",
      "resolved": "https://registry.npmjs.org/ecurve/-/ecurve-1.0.5.tgz",
      "integrity": "sha1-0Ujo/lCmdPmDu1uuCdoOoj4QU14=",
      "requires": {
        "bigi": "1.4.2"
      }
    },
    "extend": {
      "version": "https://registry.npmjs.org/extend/-/extend-3.0.1.tgz",
      "integrity": "sha1-p1Xqe8Gt/MWjHOfnYtuq3F5jZEQ="
    },
    "extsprintf": {
      "version": "https://registry.npmjs.org/extsprintf/-/extsprintf-1.0.2.tgz",
      "integrity": "sha1-4QgOBljjALBilJkMxw4VAiNf1VA="
    },
    "forever-agent": {
      "version": "https://registry.npmjs.org/forever-agent/-/forever-agent-0.6.1.tgz",
      "integrity": "sha1-+8cfDEGt6zf5bFd60e1C2P2sypE="
    },
    "form-data": {
      "version": "https://registry.npmjs.org/form-data/-/form-data-2.1.4.tgz",
      "integrity": "sha1-M8GDrPGTJ27KqYFDpp6Uv+4XUNE=",
      "requires": {
        "asynckit": "https://registry.npmjs.org/asynckit/-/asynckit-0.4.0.tgz",
        "combined-stream": "https://registry.npmjs.org/combined-stream/-/combined-stream-1.0.5.tgz",
        "mime-types": "https://registry.npmjs.org/mime-types/-/mime-types-2.1.15.tgz"
      }
    },
    "getpass": {
      "version": "https://registry.npmjs.org/getpass/-/getpass-0.1.7.tgz",
      "integrity": "sha1-Xv+OPmhNVprkyysSgmBOi6YhSfo=",
      "requires": {
        "assert-plus": "https://registry.npmjs.org/assert-plus/-/assert-plus-1.0.0.tgz"
      },
      "dependencies": {
        "assert-plus": {
          "version": "https://registry.npmjs.org/assert-plus/-/assert-plus-1.0.0.tgz",
          "integrity": "sha1-8S4PPF13sLHN2RRpQuTpbB5N1SU="
        }
      }
    },
    "har-schema": {
      "version": "https://registry.npmjs.org/har-schema/-/har-schema-1.0.5.tgz",
      "integrity": "sha1-0mMTX0MwfALGAq/I/pWXDAFRNp4="
    },
    "har-validator": {
      "version": "https://registry.npmjs.org/har-validator/-/har-validator-4.2.1.tgz",
      "integrity": "sha1-M0gdDxu/9gDdID11gSpqX7oALio=",
      "requires": {
        "ajv": "https://registry.npmjs.org/ajv/-/ajv-4.11.8.tgz",
        "har-schema": "https://registry.npmjs.org/har-schema/-/har-schema-1.0.5.tgz"
      }
    },
    "hash-base": {
      "version": "https://registry.npmjs.org/hash-base/-/hash-base-2.0.2.tgz",
      "integrity": "sha1-ZuodhW206KVHDK32/OI65SRO8uE=",
      "requires": {
        "inherits": "https://registry.npmjs.org/inherits/-/inherits-2.0.3.tgz"
      }
    },
    "hawk": {
      "version": "https://registry.npmjs.org/hawk/-/hawk-3.1.3.tgz",
      "integrity": "sha1-B4REvXwWQLD+VA0sm3PVlnjo4cQ=",
      "requires": {
        "boom": "https://registry.npmjs.org/boom/-/boom-2.10.1.tgz",
        "cryptiles": "https://registry.npmjs.org/cryptiles/-/cryptiles-2.0.5.tgz",
        "hoek": "https://registry.npmjs.org/hoek/-/hoek-2.16.3.tgz",
        "sntp": "https://registry.npmjs.org/sntp/-/sntp-1.0.9.tgz"
      }
    },
    "hoek": {
      "version": "https://registry.npmjs.org/hoek/-/hoek-2.16.3.tgz",
      "integrity": "sha1-ILt0A9POo5jpHcRxCo/xuCdKJe0="
    },
    "http-signature": {
      "version": "https://registry.npmjs.org/http-signature/-/http-signature-1.1.1.tgz",
      "integrity": "sha1-33LiZwZs0Kxn+3at+OE0qPvPkb8=",
      "requires": {
        "assert-plus": "https://registry.npmjs.org/assert-plus/-/assert-plus-0.2.0.tgz",
        "jsprim": "https://registry.npmjs.org/jsprim/-/jsprim-1.4.0.tgz",
        "sshpk": "https://registry.npmjs.org/sshpk/-/sshpk-1.13.1.tgz"
      }
    },
    "inherits": {
      "version": "https://registry.npmjs.org/inherits/-/inherits-2.0.3.tgz",
      "integrity": "sha1-Yzwsg+PaQqUC9SRmAiSA9CCCYd4="
    },
    "is-typedarray": {
      "version": "https://registry.npmjs.org/is-typedarray/-/is-typedarray-1.0.0.tgz",
      "integrity": "sha1-5HnICFjfDBsR3dppQPlgEfzaSpo="
    },
    "isstream": {
      "version": "https://registry.npmjs.org/isstream/-/isstream-0.1.2.tgz",
      "integrity": "sha1-R+Y/evVa+m+S4VAOaQ64uFKcCZo="
    },
    "jsbn": {
      "version": "https://registry.npmjs.org/jsbn/-/jsbn-0.1.1.tgz",
      "integrity": "sha1-peZUwuWi3rXyAdls77yoDA7y9RM=",
      "optional": true
    },
    "json-schema": {
      "version": "https://registry.npmjs.org/json-schema/-/json-schema-0.2.3.tgz",
      "integrity": "sha1-tIDIkuWaLwWVTOcnvT8qTogvnhM="
    },
    "json-stable-stringify": {
      "version": "https://registry.npmjs.org/json-stable-stringify/-/json-stable-stringify-1.0.1.tgz",
      "integrity": "sha1-mnWdOcXy/1A/1TAGRu1EX4jE+a8=",
      "requires": {
        "jsonify": "http://registry.npmjs.org/jsonify/-/jsonify-0.0.0.tgz"
      }
    },
    "json-stringify-safe": {
      "version": "https://registry.npmjs.org/json-stringify-safe/-/json-stringify-safe-5.0.1.tgz",
      "integrity": "sha1-Epai1Y/UXxmg9s4B1lcB4sc1tus="
    },
    "jsonify": {
      "version": "http://registry.npmjs.org/jsonify/-/jsonify-0.0.0.tgz",
      "integrity": "sha1-LHS27kHZPKUbe1qu6PUDYx0lKnM="
    },
    "jsprim": {
      "version": "https://registry.npmjs.org/jsprim/-/jsprim-1.4.0.tgz",
      "integrity": "sha1-o7h+QCmNjDgFUtjMdiigu5WiKRg=",
      "requires": {
        "assert-plus": "https://registry.npmjs.org/assert-plus/-/assert-plus-1.0.0.tgz",
        "extsprintf": "https://registry.npmjs.org/extsprintf/-/extsprintf-1.0.2.tgz",
        "json-schema": "https://registry.npmjs.org/json-schema/-/json-schema-0.2.3.tgz",
        "verror": "https://registry.npmjs.org/verror/-/verror-1.3.6.tgz"
      },
      "dependencies": {
        "assert-plus": {
          "version": "https://registry.npmjs.org/assert-plus/-/assert-plus-1.0.0.tgz",
          "integrity": "sha1-8S4PPF13sLHN2RRpQuTpbB5N1SU="
        }
      }
    },
    "merkle-lib": {
      "version": "2.0.10",
      "resolved": "https://registry.npmjs.org/merkle-lib/-/merkle-lib-2.0.10.tgz",
      "integrity": "sha1-grjbrnXieneFOItz+ddyXQ9vMyY="
    },
    "mime-db": {
      "version": "https://registry.npmjs.org/mime-db/-/mime-db-1.27.0.tgz",
      "integrity": "sha1-gg9XIpa70g7CXtVeW13oaeVDbrE="
    },
    "mime-types": {
      "version": "https://registry.npmjs.org/mime-types/-/mime-types-2.1.15.tgz",
      "integrity": "sha1-pOv1BkCUVpI3uM9wBGd20J/JKu0=",
      "requires": {
        "mime-db": "https://registry.npmjs.org/mime-db/-/mime-db-1.27.0.tgz"
      }
    },
    "nan": {
      "version": "2.8.0",
      "resolved": "https://registry.npmjs.org/nan/-/nan-2.8.0.tgz",
      "integrity": "sha1-7XFfP+neArV6XmJS2QqWZ14fCFo="
    },
    "oauth-sign": {
      "version": "https://registry.npmjs.org/oauth-sign/-/oauth-sign-0.8.2.tgz",
      "integrity": "sha1-Rqarfwrq2N6unsBWV4C31O/rnUM="
    },
    "pbkdf2": {
      "version": "3.0.14",
      "resolved": "https://registry.npmjs.org/pbkdf2/-/pbkdf2-3.0.14.tgz",
      "integrity": "sha512-gjsZW9O34fm0R7PaLHRJmLLVfSoesxztjPjE9o6R+qtVJij90ltg1joIovN9GKrRW3t1PzhDDG3UMEMFfZ+1wA==",
      "requires": {
        "create-hash": "https://registry.npmjs.org/create-hash/-/create-hash-1.1.3.tgz",
        "create-hmac": "https://registry.npmjs.org/create-hmac/-/create-hmac-1.1.6.tgz",
        "ripemd160": "https://registry.npmjs.org/ripemd160/-/ripemd160-2.0.1.tgz",
        "safe-buffer": "https://registry.npmjs.org/safe-buffer/-/safe-buffer-5.1.1.tgz",
        "sha.js": "https://registry.npmjs.org/sha.js/-/sha.js-2.4.8.tgz"
      }
    },
    "performance-now": {
      "version": "https://registry.npmjs.org/performance-now/-/performance-now-0.2.0.tgz",
      "integrity": "sha1-M+8wxcd9TqIcWlOGnZG1bY8lVeU="
    },
    "punycode": {
      "version": "https://registry.npmjs.org/punycode/-/punycode-1.4.1.tgz",
      "integrity": "sha1-wNWmOycYgArY4esPpSachN1BhF4="
    },
    "pushdata-bitcoin": {
      "version": "1.0.1",
      "resolved": "https://registry.npmjs.org/pushdata-bitcoin/-/pushdata-bitcoin-1.0.1.tgz",
      "integrity": "sha1-FZMdPNlnreUiBvUjqnMxrvfUOvc=",
      "requires": {
        "bitcoin-ops": "1.3.0"
      }
    },
    "qs": {
      "version": "https://registry.npmjs.org/qs/-/qs-6.4.0.tgz",
      "integrity": "sha1-E+JtKK1rD/qpExLNO/cI7TUecjM="
    },
    "randombytes": {
      "version": "https://registry.npmjs.org/randombytes/-/randombytes-2.0.5.tgz",
      "integrity": "sha1-3ACaJGuNCaF3tLegrne8Vw9LG3k=",
      "requires": {
        "safe-buffer": "https://registry.npmjs.org/safe-buffer/-/safe-buffer-5.1.1.tgz"
      }
    },
    "request": {
      "version": "https://registry.npmjs.org/request/-/request-2.81.0.tgz",
      "integrity": "sha1-xpKJRqDgbF+Nb4qTM0af/aRimKA=",
      "requires": {
        "aws-sign2": "https://registry.npmjs.org/aws-sign2/-/aws-sign2-0.6.0.tgz",
        "aws4": "https://registry.npmjs.org/aws4/-/aws4-1.6.0.tgz",
        "caseless": "https://registry.npmjs.org/caseless/-/caseless-0.12.0.tgz",
        "combined-stream": "https://registry.npmjs.org/combined-stream/-/combined-stream-1.0.5.tgz",
        "extend": "https://registry.npmjs.org/extend/-/extend-3.0.1.tgz",
        "forever-agent": "https://registry.npmjs.org/forever-agent/-/forever-agent-0.6.1.tgz",
        "form-data": "https://registry.npmjs.org/form-data/-/form-data-2.1.4.tgz",
        "har-validator": "https://registry.npmjs.org/har-validator/-/har-validator-4.2.1.tgz",
        "hawk": "https://registry.npmjs.org/hawk/-/hawk-3.1.3.tgz",
        "http-signature": "https://registry.npmjs.org/http-signature/-/http-signature-1.1.1.tgz",
        "is-typedarray": "https://registry.npmjs.org/is-typedarray/-/is-typedarray-1.0.0.tgz",
        "isstream": "https://registry.npmjs.org/isstream/-/isstream-0.1.2.tgz",
        "json-stringify-safe": "https://registry.npmjs.org/json-stringify-safe/-/json-stringify-safe-5.0.1.tgz",
        "mime-types": "https://registry.npmjs.org/mime-types/-/mime-types-2.1.15.tgz",
        "oauth-sign": "https://registry.npmjs.org/oauth-sign/-/oauth-sign-0.8.2.tgz",
        "performance-now": "https://registry.npmjs.org/performance-now/-/performance-now-0.2.0.tgz",
        "qs": "https://registry.npmjs.org/qs/-/qs-6.4.0.tgz",
        "safe-buffer": "https://registry.npmjs.org/safe-buffer/-/safe-buffer-5.1.1.tgz",
        "stringstream": "https://registry.npmjs.org/stringstream/-/stringstream-0.0.5.tgz",
        "tough-cookie": "https://registry.npmjs.org/tough-cookie/-/tough-cookie-2.3.2.tgz",
        "tunnel-agent": "https://registry.npmjs.org/tunnel-agent/-/tunnel-agent-0.6.0.tgz",
        "uuid": "https://registry.npmjs.org/uuid/-/uuid-3.1.0.tgz"
      },
      "dependencies": {
        "uuid": {
          "version": "https://registry.npmjs.org/uuid/-/uuid-3.1.0.tgz",
          "integrity": "sha1-PdPT55Crwk17DToDT/q6vijrvAQ="
        }
      }
    },
    "ripemd160": {
      "version": "https://registry.npmjs.org/ripemd160/-/ripemd160-2.0.1.tgz",
      "integrity": "sha1-D0WEKVxTo2KK9+bXmsohzlfRxuc=",
      "requires": {
        "hash-base": "https://registry.npmjs.org/hash-base/-/hash-base-2.0.2.tgz",
        "inherits": "https://registry.npmjs.org/inherits/-/inherits-2.0.3.tgz"
      }
    },
    "safe-buffer": {
      "version": "https://registry.npmjs.org/safe-buffer/-/safe-buffer-5.1.1.tgz",
      "integrity": "sha1-iTMSr2myEj3vcfV4iQAWce6yyFM="
    },
    "scrypt": {
      "version": "6.0.3",
      "resolved": "https://registry.npmjs.org/scrypt/-/scrypt-6.0.3.tgz",
      "integrity": "sha1-BOAUpWgrU/pQwtXM4WfXGcBthw0=",
      "requires": {
        "nan": "2.8.0"
      }
    },
    "scrypt-js": {
      "version": "2.0.3",
      "resolved": "https://registry.npmjs.org/scrypt-js/-/scrypt-js-2.0.3.tgz",
      "integrity": "sha1-uwBAvgMEPamgEqLOqfyfhSz8h9Q="
    },
    "scrypt.js": {
      "version": "0.2.0",
      "resolved": "https://registry.npmjs.org/scrypt.js/-/scrypt.js-0.2.0.tgz",
      "integrity": "sha1-r40UZbcemZARC+38WTuUeeA6ito=",
      "requires": {
        "scrypt": "6.0.3",
        "scryptsy": "1.2.1"
      },
      "dependencies": {
        "scryptsy": {
          "version": "1.2.1",
          "resolved": "https://registry.npmjs.org/scryptsy/-/scryptsy-1.2.1.tgz",
          "integrity": "sha1-oyJfpLJST4AnAHYeKFW987LZIWM=",
          "requires": {
            "pbkdf2": "3.0.14"
          }
        }
      }
    },
    "scryptsy": {
      "version": "2.0.0",
      "resolved": "https://registry.npmjs.org/scryptsy/-/scryptsy-2.0.0.tgz",
      "integrity": "sha1-Jiw28CMc+nZU4jY/o5TNLexm83g="
    },
    "sha.js": {
      "version": "https://registry.npmjs.org/sha.js/-/sha.js-2.4.8.tgz",
      "integrity": "sha1-NwaMLEdra69ALRSknGf1l5IfY08=",
      "requires": {
        "inherits": "https://registry.npmjs.org/inherits/-/inherits-2.0.3.tgz"
      }
    },
    "sntp": {
      "version": "https://registry.npmjs.org/sntp/-/sntp-1.0.9.tgz",
      "integrity": "sha1-ZUEYTMkK7qbG57NeJlkIJEPGYZg=",
      "requires": {
        "hoek": "https://registry.npmjs.org/hoek/-/hoek-2.16.3.tgz"
      }
    },
    "sshpk": {
      "version": "https://registry.npmjs.org/sshpk/-/sshpk-1.13.1.tgz",
      "integrity": "sha1-US322mKHFEMW3EwY/hzx2UBzm+M=",
      "requires": {
        "asn1": "https://registry.npmjs.org/asn1/-/asn1-0.2.3.tgz",
        "assert-plus": "https://registry.npmjs.org/assert-plus/-/assert-plus-1.0.0.tgz",
        "bcrypt-pbkdf": "https://registry.npmjs.org/bcrypt-pbkdf/-/bcrypt-pbkdf-1.0.1.tgz",
        "dashdash": "https://registry.npmjs.org/dashdash/-/dashdash-1.14.1.tgz",
        "ecc-jsbn": "https://registry.npmjs.org/ecc-jsbn/-/ecc-jsbn-0.1.1.tgz",
        "getpass": "https://registry.npmjs.org/getpass/-/getpass-0.1.7.tgz",
        "jsbn": "https://registry.npmjs.org/jsbn/-/jsbn-0.1.1.tgz",
        "tweetnacl": "https://registry.npmjs.org/tweetnacl/-/tweetnacl-0.14.5.tgz"
      },
      "dependencies": {
        "assert-plus": {
          "version": "https://registry.npmjs.org/assert-plus/-/assert-plus-1.0.0.tgz",
          "integrity": "sha1-8S4PPF13sLHN2RRpQuTpbB5N1SU="
        }
      }
    },
    "stringstream": {
      "version": "https://registry.npmjs.org/stringstream/-/stringstream-0.0.5.tgz",
      "integrity": "sha1-TkhM1N5aC7vuGORjB3EKioFiGHg="
    },
    "tough-cookie": {
      "version": "https://registry.npmjs.org/tough-cookie/-/tough-cookie-2.3.2.tgz",
      "integrity": "sha1-8IH3bkyFcg5sN6X6ztc3FQ2EByo=",
      "requires": {
        "punycode": "https://registry.npmjs.org/punycode/-/punycode-1.4.1.tgz"
      }
    },
    "tunnel-agent": {
      "version": "https://registry.npmjs.org/tunnel-agent/-/tunnel-agent-0.6.0.tgz",
      "integrity": "sha1-J6XeoGs2sEoKmWZ3SykIaPD8QP0=",
      "requires": {
        "safe-buffer": "https://registry.npmjs.org/safe-buffer/-/safe-buffer-5.1.1.tgz"
      }
    },
    "tweetnacl": {
      "version": "https://registry.npmjs.org/tweetnacl/-/tweetnacl-0.14.5.tgz",
      "integrity": "sha1-WuaBd/GS1EViadEIr6k/+HQ/T2Q=",
      "optional": true
    },
    "typeforce": {
      "version": "1.12.0",
      "resolved": "https://registry.npmjs.org/typeforce/-/typeforce-1.12.0.tgz",
      "integrity": "sha512-fvnkvueAOFLhtAqDgIA/wMP21SMwS/NQESFKZuwVrj5m/Ew6eK2S0z0iB++cwtROPWDOhaT6OUfla8UwMw4Adg=="
    },
    "unorm": {
      "version": "1.4.1",
      "resolved": "https://registry.npmjs.org/unorm/-/unorm-1.4.1.tgz",
      "integrity": "sha1-NkIA1fE2RsqLzURJAnEzVhR5IwA="
    },
    "varuint-bitcoin": {
      "version": "1.0.4",
      "resolved": "https://registry.npmjs.org/varuint-bitcoin/-/varuint-bitcoin-1.0.4.tgz",
      "integrity": "sha1-2BLF2uFuMvYFRLat7h1L4TB9AoM="
    },
    "verror": {
      "version": "https://registry.npmjs.org/verror/-/verror-1.3.6.tgz",
      "integrity": "sha1-z/XfEpRtKX0rqu+qJoniW+AcAFw=",
      "requires": {
        "extsprintf": "https://registry.npmjs.org/extsprintf/-/extsprintf-1.0.2.tgz"
      }
    },
    "wif": {
      "version": "2.0.6",
      "resolved": "https://registry.npmjs.org/wif/-/wif-2.0.6.tgz",
      "integrity": "sha1-CNP1IFbGZnkplyb63g1DKudLRwQ=",
      "requires": {
        "bs58check": "2.1.0"
      }
    }
  }
}
